
Microsoft Visual Studio Solution File, Format Version 12.00
# Visual Studio Version 17
VisualStudioVersion = 17.14.36811.4 d17.14
MinimumVisualStudioVersion = 10.0.40219.1
Project("{FAE04EC0-301F-11D3-BF4B-00C04F79EFBC}") = "C#POO3", "C#POO3\C#POO3.csproj", "{A753E890-33A4-4C8D-B279-0E9B4D69159A}"
EndProject
Project("{FAE04EC0-301F-11D3-BF4B-00C04F79EFBC}") = "Exercice16", "Exercice16\Exercice16.csproj", "{CCE3E03B-78F5-4183-8AF4-0CBF32BC8282}"
EndProject
Project("{FAE04EC0-301F-11D3-BF4B-00C04F79EFBC}") = "Exercice17", "Exercice17\Exercice17.csproj", "{90CBAD8D-259E-442A-B27E-318F2D923DFC}"
EndProject
Global
	GlobalSection(SolutionConfigurationPlatforms) = preSolution
		Debug|Any CPU = Debug|Any CPU
		Release|Any CPU = Release|Any CPU
	EndGlobalSection
	GlobalSection(ProjectConfigurationPlatforms) = postSolution
		{A753E890-33A4-4C8D-B279-0E9B4D69159A}.Debug|Any CPU.ActiveCfg = Debug|Any CPU
		{A753E890-33A4-4C8D-B279-0E9B4D69159A}.Debug|Any CPU.Build.0 = Debug|Any CPU
		{A753E890-33A4-4C8D-B279-0E9B4D69159A}.Release|Any CPU.ActiveCfg = Release|Any CPU
		{A753E890-33A4-4C8D-B279-0E9B4D69159A}.Release|Any CPU.Build.0 = Release|Any CPU
		{CCE3E03B-78F5-4183-8AF4-0CBF32BC8282}.Debug|Any CPU.ActiveCfg = Debug|Any CPU
		{CCE3E03B-78F5-4183-8AF4-0CBF32BC8282}.Debug|Any CPU.Build.0 = Debug|Any CPU
		{CCE3E03B-78F5-4183-8AF4-0CBF32BC8282}.Release|Any CPU.ActiveCfg = Release|Any CPU
		{CCE3E03B-78F5-4183-8AF4-0CBF32BC8282}.Release|Any CPU.Build.0 = Release|Any CPU
		{90CBAD8D-259E-442A-B27E-318F2D923DFC}.Debug|Any CPU.ActiveCfg = Debug|Any CPU
		{90CBAD8D-259E-442A-B27E-318F2D923DFC}.Debug|Any CPU.Build.0 = Debug|Any CPU
		{90CBAD8D-259E-442A-B27E-318F2D923DFC}.Release|Any CPU.ActiveCfg = Release|Any CPU
		{90CBAD8D-259E-442A-B27E-318F2D923DFC}.Release|Any CPU.Build.0 = Release|Any CPU
	EndGlobalSection
	GlobalSection(SolutionProperties) = preSolution
		HideSolutionNode = FALSE
	EndGlobalSection
	GlobalSection(ExtensibilityGlobals) = postSolution
		SolutionGuid = {524206DD-63BD-4576-A919-A0F019343E4A}
	EndGlobalSection
EndGlobal
